// !$*UTF8*$!
{
	archiveVersion = 1;
	classes = {
	};
	objectVersion = 46;
	objects = {

/* Begin PBXBuildFile section */
		031336621F6D5111009B2B4D /* AppDelegate.swift in Sources */ = {isa = PBXBuildFile; fileRef = 031336611F6D5111009B2B4D /* AppDelegate.swift */; };
		031336671F6D5111009B2B4D /* Main.storyboard in Resources */ = {isa = PBXBuildFile; fileRef = 031336651F6D5111009B2B4D /* Main.storyboard */; };
		031336691F6D5112009B2B4D /* Assets.xcassets in Resources */ = {isa = PBXBuildFile; fileRef = 031336681F6D5112009B2B4D /* Assets.xcassets */; };
		0313366C1F6D5112009B2B4D /* LaunchScreen.storyboard in Resources */ = {isa = PBXBuildFile; fileRef = 0313366A1F6D5112009B2B4D /* LaunchScreen.storyboard */; };
		031336771F6D5112009B2B4D /* AntumVocilistTests.swift in Sources */ = {isa = PBXBuildFile; fileRef = 031336761F6D5112009B2B4D /* AntumVocilistTests.swift */; };
		031336861F6D5605009B2B4D /* VocilistTableViewCell.swift in Sources */ = {isa = PBXBuildFile; fileRef = 031336851F6D5605009B2B4D /* VocilistTableViewCell.swift */; };
		031336881F6D583E009B2B4D /* VocilistTableViewController.swift in Sources */ = {isa = PBXBuildFile; fileRef = 031336871F6D583E009B2B4D /* VocilistTableViewController.swift */; };
		0313368A1F6D5A67009B2B4D /* Globals.swift in Sources */ = {isa = PBXBuildFile; fileRef = 031336891F6D5A67009B2B4D /* Globals.swift */; };
		0313368E1F6D709F009B2B4D /* VocicardTableViewCell.swift in Sources */ = {isa = PBXBuildFile; fileRef = 0313368D1F6D709F009B2B4D /* VocicardTableViewCell.swift */; };
		031336921F6D724E009B2B4D /* VocicardViewController.swift in Sources */ = {isa = PBXBuildFile; fileRef = 031336911F6D724E009B2B4D /* VocicardViewController.swift */; };
		031336C41F6DBE3F009B2B4D /* Model.xcdatamodeld in Sources */ = {isa = PBXBuildFile; fileRef = 031336C21F6DBE3F009B2B4D /* Model.xcdatamodeld */; };
		031336D11F6DC5B8009B2B4D /* Vocilist.swift in Sources */ = {isa = PBXBuildFile; fileRef = 031336CD1F6DC5B8009B2B4D /* Vocilist.swift */; };
		031336D21F6DC5B8009B2B4D /* Vocilist+CoreDataProperties2.swift in Sources */ = {isa = PBXBuildFile; fileRef = 031336CE1F6DC5B8009B2B4D /* Vocilist+CoreDataProperties2.swift */; };
		031336D31F6DC5B8009B2B4D /* Vocicard.swift in Sources */ = {isa = PBXBuildFile; fileRef = 031336CF1F6DC5B8009B2B4D /* Vocicard.swift */; };
		031336D41F6DC5B8009B2B4D /* Vocicard+CoreDataProperties.swift in Sources */ = {isa = PBXBuildFile; fileRef = 031336D01F6DC5B8009B2B4D /* Vocicard+CoreDataProperties.swift */; };
		031336D61F6E8E3C009B2B4D /* DataStore.swift in Sources */ = {isa = PBXBuildFile; fileRef = 031336D51F6E8E3C009B2B4D /* DataStore.swift */; };
/* End PBXBuildFile section */

/* Begin PBXContainerItemProxy section */
		031336731F6D5112009B2B4D /* PBXContainerItemProxy */ = {
			isa = PBXContainerItemProxy;
			containerPortal = 031336561F6D5111009B2B4D /* Project object */;
			proxyType = 1;
			remoteGlobalIDString = 0313365D1F6D5111009B2B4D;
			remoteInfo = AntumVocilist;
		};
/* End PBXContainerItemProxy section */

/* Begin PBXFileReference section */
		0313365E1F6D5111009B2B4D /* AntumVocilist.app */ = {isa = PBXFileReference; explicitFileType = wrapper.application; includeInIndex = 0; path = AntumVocilist.app; sourceTree = BUILT_PRODUCTS_DIR; };
		031336611F6D5111009B2B4D /* AppDelegate.swift */ = {isa = PBXFileReference; lastKnownFileType = sourcecode.swift; path = AppDelegate.swift; sourceTree = "<group>"; };
		031336661F6D5111009B2B4D /* Base */ = {isa = PBXFileReference; lastKnownFileType = file.storyboard; name = Base; path = Base.lproj/Main.storyboard; sourceTree = "<group>"; };
		031336681F6D5112009B2B4D /* Assets.xcassets */ = {isa = PBXFileReference; lastKnownFileType = folder.assetcatalog; path = Assets.xcassets; sourceTree = "<group>"; };
		0313366B1F6D5112009B2B4D /* Base */ = {isa = PBXFileReference; lastKnownFileType = file.storyboard; name = Base; path = Base.lproj/LaunchScreen.storyboard; sourceTree = "<group>"; };
		0313366D1F6D5112009B2B4D /* Info.plist */ = {isa = PBXFileReference; lastKnownFileType = text.plist.xml; path = Info.plist; sourceTree = "<group>"; };
		031336721F6D5112009B2B4D /* AntumVocilistTests.xctest */ = {isa = PBXFileReference; explicitFileType = wrapper.cfbundle; includeInIndex = 0; path = AntumVocilistTests.xctest; sourceTree = BUILT_PRODUCTS_DIR; };
		031336761F6D5112009B2B4D /* AntumVocilistTests.swift */ = {isa = PBXFileReference; lastKnownFileType = sourcecode.swift; path = AntumVocilistTests.swift; sourceTree = "<group>"; };
		031336781F6D5112009B2B4D /* Info.plist */ = {isa = PBXFileReference; lastKnownFileType = text.plist.xml; path = Info.plist; sourceTree = "<group>"; };
		031336851F6D5605009B2B4D /* VocilistTableViewCell.swift */ = {isa = PBXFileReference; fileEncoding = 4; lastKnownFileType = sourcecode.swift; path = VocilistTableViewCell.swift; sourceTree = "<group>"; };
		031336871F6D583E009B2B4D /* VocilistTableViewController.swift */ = {isa = PBXFileReference; fileEncoding = 4; lastKnownFileType = sourcecode.swift; path = VocilistTableViewController.swift; sourceTree = "<group>"; };
		031336891F6D5A67009B2B4D /* Globals.swift */ = {isa = PBXFileReference; fileEncoding = 4; lastKnownFileType = sourcecode.swift; path = Globals.swift; sourceTree = "<group>"; };
		0313368D1F6D709F009B2B4D /* VocicardTableViewCell.swift */ = {isa = PBXFileReference; fileEncoding = 4; lastKnownFileType = sourcecode.swift; path = VocicardTableViewCell.swift; sourceTree = "<group>"; };
		031336911F6D724E009B2B4D /* VocicardViewController.swift */ = {isa = PBXFileReference; fileEncoding = 4; lastKnownFileType = sourcecode.swift; path = VocicardViewController.swift; sourceTree = "<group>"; };
		031336C31F6DBE3F009B2B4D /* Model.xcdatamodel */ = {isa = PBXFileReference; lastKnownFileType = wrapper.xcdatamodel; path = Model.xcdatamodel; sourceTree = "<group>"; };
		031336CD1F6DC5B8009B2B4D /* Vocilist.swift */ = {isa = PBXFileReference; fileEncoding = 4; lastKnownFileType = sourcecode.swift; path = Vocilist.swift; sourceTree = "<group>"; };
		031336CE1F6DC5B8009B2B4D /* Vocilist+CoreDataProperties2.swift */ = {isa = PBXFileReference; fileEncoding = 4; lastKnownFileType = sourcecode.swift; path = "Vocilist+CoreDataProperties2.swift"; sourceTree = "<group>"; };
		031336CF1F6DC5B8009B2B4D /* Vocicard.swift */ = {isa = PBXFileReference; fileEncoding = 4; lastKnownFileType = sourcecode.swift; path = Vocicard.swift; sourceTree = "<group>"; };
		031336D01F6DC5B8009B2B4D /* Vocicard+CoreDataProperties.swift */ = {isa = PBXFileReference; fileEncoding = 4; lastKnownFileType = sourcecode.swift; path = "Vocicard+CoreDataProperties.swift"; sourceTree = "<group>"; };
		031336D51F6E8E3C009B2B4D /* DataStore.swift */ = {isa = PBXFileReference; fileEncoding = 4; lastKnownFileType = sourcecode.swift; path = DataStore.swift; sourceTree = "<group>"; };
/* End PBXFileReference section */

/* Begin PBXFrameworksBuildPhase section */
		0313365B1F6D5111009B2B4D /* Frameworks */ = {
			isa = PBXFrameworksBuildPhase;
			buildActionMask = 2147483647;
			files = (
			);
			runOnlyForDeploymentPostprocessing = 0;
		};
		0313366F1F6D5112009B2B4D /* Frameworks */ = {
			isa = PBXFrameworksBuildPhase;
			buildActionMask = 2147483647;
			files = (
			);
			runOnlyForDeploymentPostprocessing = 0;
		};
/* End PBXFrameworksBuildPhase section */

/* Begin PBXGroup section */
		031336551F6D5111009B2B4D = {
			isa = PBXGroup;
			children = (
				031336CD1F6DC5B8009B2B4D /* Vocilist.swift */,
				031336CE1F6DC5B8009B2B4D /* Vocilist+CoreDataProperties2.swift */,
				031336CF1F6DC5B8009B2B4D /* Vocicard.swift */,
				031336D01F6DC5B8009B2B4D /* Vocicard+CoreDataProperties.swift */,
				031336601F6D5111009B2B4D /* AntumVocilist */,
				031336751F6D5112009B2B4D /* AntumVocilistTests */,
				0313365F1F6D5111009B2B4D /* Products */,
			);
			sourceTree = "<group>";
		};
		0313365F1F6D5111009B2B4D /* Products */ = {
			isa = PBXGroup;
			children = (
				0313365E1F6D5111009B2B4D /* AntumVocilist.app */,
				031336721F6D5112009B2B4D /* AntumVocilistTests.xctest */,
			);
			name = Products;
			sourceTree = "<group>";
		};
		031336601F6D5111009B2B4D /* AntumVocilist */ = {
			isa = PBXGroup;
			children = (
				031336611F6D5111009B2B4D /* AppDelegate.swift */,
				031336D51F6E8E3C009B2B4D /* DataStore.swift */,
				031336C21F6DBE3F009B2B4D /* Model.xcdatamodeld */,
				031336891F6D5A67009B2B4D /* Globals.swift */,
				031336851F6D5605009B2B4D /* VocilistTableViewCell.swift */,
				031336871F6D583E009B2B4D /* VocilistTableViewController.swift */,
				031336651F6D5111009B2B4D /* Main.storyboard */,
				0313368D1F6D709F009B2B4D /* VocicardTableViewCell.swift */,
				031336911F6D724E009B2B4D /* VocicardViewController.swift */,
				031336681F6D5112009B2B4D /* Assets.xcassets */,
				0313366A1F6D5112009B2B4D /* LaunchScreen.storyboard */,
				0313366D1F6D5112009B2B4D /* Info.plist */,
			);
			path = AntumVocilist;
			sourceTree = "<group>";
		};
		031336751F6D5112009B2B4D /* AntumVocilistTests */ = {
			isa = PBXGroup;
			children = (
				031336761F6D5112009B2B4D /* AntumVocilistTests.swift */,
				031336781F6D5112009B2B4D /* Info.plist */,
			);
			path = AntumVocilistTests;
			sourceTree = "<group>";
		};
/* End PBXGroup section */

/* Begin PBXNativeTarget section */
		0313365D1F6D5111009B2B4D /* AntumVocilist */ = {
			isa = PBXNativeTarget;
			buildConfigurationList = 0313367B1F6D5112009B2B4D /* Build configuration list for PBXNativeTarget "AntumVocilist" */;
			buildPhases = (
				0313365A1F6D5111009B2B4D /* Sources */,
				0313365B1F6D5111009B2B4D /* Frameworks */,
				0313365C1F6D5111009B2B4D /* Resources */,
			);
			buildRules = (
			);
			dependencies = (
			);
			name = AntumVocilist;
			productName = AntumVocilist;
			productReference = 0313365E1F6D5111009B2B4D /* AntumVocilist.app */;
			productType = "com.apple.product-type.application";
		};
		031336711F6D5112009B2B4D /* AntumVocilistTests */ = {
			isa = PBXNativeTarget;
			buildConfigurationList = 0313367E1F6D5112009B2B4D /* Build configuration list for PBXNativeTarget "AntumVocilistTests" */;
			buildPhases = (
				0313366E1F6D5112009B2B4D /* Sources */,
				0313366F1F6D5112009B2B4D /* Frameworks */,
				031336701F6D5112009B2B4D /* Resources */,
			);
			buildRules = (
			);
			dependencies = (
				031336741F6D5112009B2B4D /* PBXTargetDependency */,
			);
			name = AntumVocilistTests;
			productName = AntumVocilistTests;
			productReference = 031336721F6D5112009B2B4D /* AntumVocilistTests.xctest */;
			productType = "com.apple.product-type.bundle.unit-test";
		};
/* End PBXNativeTarget section */

/* Begin PBXProject section */
		031336561F6D5111009B2B4D /* Project object */ = {
			isa = PBXProject;
			attributes = {
				LastSwiftUpdateCheck = 0830;
				LastUpgradeCheck = 0830;
				ORGANIZATIONNAME = Bastian;
				TargetAttributes = {
					0313365D1F6D5111009B2B4D = {
						CreatedOnToolsVersion = 8.3.3;
						DevelopmentTeam = P85N2D6LEB;
						ProvisioningStyle = Automatic;
					};
					031336711F6D5112009B2B4D = {
						CreatedOnToolsVersion = 8.3.3;
						DevelopmentTeam = P85N2D6LEB;
						ProvisioningStyle = Automatic;
						TestTargetID = 0313365D1F6D5111009B2B4D;
					};
				};
			};
			buildConfigurationList = 031336591F6D5111009B2B4D /* Build configuration list for PBXProject "AntumVocilist" */;
			compatibilityVersion = "Xcode 3.2";
			developmentRegion = English;
			hasScannedForEncodings = 0;
			knownRegions = (
				en,
				Base,
			);
			mainGroup = 031336551F6D5111009B2B4D;
			productRefGroup = 0313365F1F6D5111009B2B4D /* Products */;
			projectDirPath = "";
			projectRoot = "";
			targets = (
				0313365D1F6D5111009B2B4D /* AntumVocilist */,
				031336711F6D5112009B2B4D /* AntumVocilistTests */,
			);
		};
/* End PBXProject section */

/* Begin PBXResourcesBuildPhase section */
		0313365C1F6D5111009B2B4D /* Resources */ = {
			isa = PBXResourcesBuildPhase;
			buildActionMask = 2147483647;
			files = (
				0313366C1F6D5112009B2B4D /* LaunchScreen.storyboard in Resources */,
				031336691F6D5112009B2B4D /* Assets.xcassets in Resources */,
				031336671F6D5111009B2B4D /* Main.storyboard in Resources */,
			);
			runOnlyForDeploymentPostprocessing = 0;
		};
		031336701F6D5112009B2B4D /* Resources */ = {
			isa = PBXResourcesBuildPhase;
			buildActionMask = 2147483647;
			files = (
			);
			runOnlyForDeploymentPostprocessing = 0;
		};
/* End PBXResourcesBuildPhase section */

/* Begin PBXSourcesBuildPhase section */
		0313365A1F6D5111009B2B4D /* Sources */ = {
			isa = PBXSourcesBuildPhase;
			buildActionMask = 2147483647;
			files = (
				031336D21F6DC5B8009B2B4D /* Vocilist+CoreDataProperties2.swift in Sources */,
				031336D61F6E8E3C009B2B4D /* DataStore.swift in Sources */,
				031336D11F6DC5B8009B2B4D /* Vocilist.swift in Sources */,
				031336D31F6DC5B8009B2B4D /* Vocicard.swift in Sources */,
				031336921F6D724E009B2B4D /* VocicardViewController.swift in Sources */,
				031336D41F6DC5B8009B2B4D /* Vocicard+CoreDataProperties.swift in Sources */,
				031336621F6D5111009B2B4D /* AppDelegate.swift in Sources */,
				031336881F6D583E009B2B4D /* VocilistTableViewController.swift in Sources */,
				031336C41F6DBE3F009B2B4D /* Model.xcdatamodeld in Sources */,
				0313368E1F6D709F009B2B4D /* VocicardTableViewCell.swift in Sources */,
				0313368A1F6D5A67009B2B4D /* Globals.swift in Sources */,
				031336861F6D5605009B2B4D /* VocilistTableViewCell.swift in Sources */,
			);
			runOnlyForDeploymentPostprocessing = 0;
		};
		0313366E1F6D5112009B2B4D /* Sources */ = {
			isa = PBXSourcesBuildPhase;
			buildActionMask = 2147483647;
			files = (
				031336771F6D5112009B2B4D /* AntumVocilistTests.swift in Sources */,
			);
			runOnlyForDeploymentPostprocessing = 0;
		};
/* End PBXSourcesBuildPhase section */

/* Begin PBXTargetDependency section */
		031336741F6D5112009B2B4D /* PBXTargetDependency */ = {
			isa = PBXTargetDependency;
			target = 0313365D1F6D5111009B2B4D /* AntumVocilist */;
			targetProxy = 031336731F6D5112009B2B4D /* PBXContainerItemProxy */;
		};
/* End PBXTargetDependency section */

/* Begin PBXVariantGroup section */
		031336651F6D5111009B2B4D /* Main.storyboard */ = {
			isa = PBXVariantGroup;
			children = (
				031336661F6D5111009B2B4D /* Base */,
			);
			name = Main.storyboard;
			sourceTree = "<group>";
		};
		0313366A1F6D5112009B2B4D /* LaunchScreen.storyboard */ = {
			isa = PBXVariantGroup;
			children = (
				0313366B1F6D5112009B2B4D /* Base */,
			);
			name = LaunchScreen.storyboard;
			sourceTree = "<group>";
		};
/* End PBXVariantGroup section */

/* Begin XCBuildConfiguration section */
		031336791F6D5112009B2B4D /* Debug */ = {
			isa = XCBuildConfiguration;
			buildSettings = {
				ALWAYS_SEARCH_USER_PATHS = NO;
				CLANG_ANALYZER_NONNULL = YES;
				CLANG_ANALYZER_NUMBER_OBJECT_CONVERSION = YES_AGGRESSIVE;
				CLANG_CXX_LANGUAGE_STANDARD = "gnu++0x";
				CLANG_CXX_LIBRARY = "libc++";
				CLANG_ENABLE_MODULES = YES;
				CLANG_ENABLE_OBJC_ARC = YES;
				CLANG_WARN_BOOL_CONVERSION = YES;
				CLANG_WARN_CONSTANT_CONVERSION = YES;
				CLANG_WARN_DIRECT_OBJC_ISA_USAGE = YES_ERROR;
				CLANG_WARN_DOCUMENTATION_COMMENTS = YES;
				CLANG_WARN_EMPTY_BODY = YES;
				CLANG_WARN_ENUM_CONVERSION = YES;
				CLANG_WARN_INFINITE_RECURSION = YES;
				CLANG_WARN_INT_CONVERSION = YES;
				CLANG_WARN_OBJC_ROOT_CLASS = YES_ERROR;
				CLANG_WARN_SUSPICIOUS_MOVE = YES;
				CLANG_WARN_UNREACHABLE_CODE = YES;
				CLANG_WARN__DUPLICATE_METHOD_MATCH = YES;
				"CODE_SIGN_IDENTITY[sdk=iphoneos*]" = "iPhone Developer";
				COPY_PHASE_STRIP = NO;
				DEBUG_INFORMATION_FORMAT = dwarf;
				ENABLE_STRICT_OBJC_MSGSEND = YES;
				ENABLE_TESTABILITY = YES;
				GCC_C_LANGUAGE_STANDARD = gnu99;
				GCC_DYNAMIC_NO_PIC = NO;
				GCC_NO_COMMON_BLOCKS = YES;
				GCC_OPTIMIZATION_LEVEL = 0;
				GCC_PREPROCESSOR_DEFINITIONS = (
					"DEBUG=1",
					"$(inherited)",
				);
				GCC_WARN_64_TO_32_BIT_CONVERSION = YES;
				GCC_WARN_ABOUT_RETURN_TYPE = YES_ERROR;
				GCC_WARN_UNDECLARED_SELECTOR = YES;
				GCC_WARN_UNINITIALIZED_AUTOS = YES_AGGRESSIVE;
				GCC_WARN_UNUSED_FUNCTION = YES;
				GCC_WARN_UNUSED_VARIABLE = YES;
				IPHONEOS_DEPLOYMENT_TARGET = 10.3;
				MTL_ENABLE_DEBUG_INFO = YES;
				ONLY_ACTIVE_ARCH = YES;
				SDKROOT = iphoneos;
				SWIFT_ACTIVE_COMPILATION_CONDITIONS = DEBUG;
				SWIFT_OPTIMIZATION_LEVEL = "-Onone";
				TARGETED_DEVICE_FAMILY = "1,2";
			};
			name = Debug;
		};
		0313367A1F6D5112009B2B4D /* Release */ = {
			isa = XCBuildConfiguration;
			buildSettings = {
				ALWAYS_SEARCH_USER_PATHS = NO;
				CLANG_ANALYZER_NONNULL = YES;
				CLANG_ANALYZER_NUMBER_OBJECT_CONVERSION = YES_AGGRESSIVE;
				CLANG_CXX_LANGUAGE_STANDARD = "gnu++0x";
				CLANG_CXX_LIBRARY = "libc++";
				CLANG_ENABLE_MODULES = YES;
				CLANG_ENABLE_OBJC_ARC = YES;
				CLANG_WARN_BOOL_CONVERSION = YES;
				CLANG_WARN_CONSTANT_CONVERSION = YES;
				CLANG_WARN_DIRECT_OBJC_ISA_USAGE = YES_ERROR;
				CLANG_WARN_DOCUMENTATION_COMMENTS = YES;
				CLANG_WARN_EMPTY_BODY = YES;
				CLANG_WARN_ENUM_CONVERSION = YES;
				CLANG_WARN_INFINITE_RECURSION = YES;
				CLANG_WARN_INT_CONVERSION = YES;
				CLANG_WARN_OBJC_ROOT_CLASS = YES_ERROR;
				CLANG_WARN_SUSPICIOUS_MOVE = YES;
				CLANG_WARN_UNREACHABLE_CODE = YES;
				CLANG_WARN__DUPLICATE_METHOD_MATCH = YES;
				"CODE_SIGN_IDENTITY[sdk=iphoneos*]" = "iPhone Developer";
				COPY_PHASE_STRIP = NO;
				DEBUG_INFORMATION_FORMAT = "dwarf-with-dsym";
				ENABLE_NS_ASSERTIONS = NO;
				ENABLE_STRICT_OBJC_MSGSEND = YES;
				GCC_C_LANGUAGE_STANDARD = gnu99;
				GCC_NO_COMMON_BLOCKS = YES;
				GCC_WARN_64_TO_32_BIT_CONVERSION = YES;
				GCC_WARN_ABOUT_RETURN_TYPE = YES_ERROR;
				GCC_WARN_UNDECLARED_SELECTOR = YES;
				GCC_WARN_UNINITIALIZED_AUTOS = YES_AGGRESSIVE;
				GCC_WARN_UNUSED_FUNCTION = YES;
				GCC_WARN_UNUSED_VARIABLE = YES;
				IPHONEOS_DEPLOYMENT_TARGET = 10.3;
				MTL_ENABLE_DEBUG_INFO = NO;
				SDKROOT = iphoneos;
				SWIFT_OPTIMIZATION_LEVEL = "-Owholemodule";
				TARGETED_DEVICE_FAMILY = "1,2";
				VALIDATE_PRODUCT = YES;
			};
			name = Release;
		};
		0313367C1F6D5112009B2B4D /* Debug */ = {
			isa = XCBuildConfiguration;
			buildSettings = {
				ASSETCATALOG_COMPILER_APPICON_NAME = AppIcon;
				DEVELOPMENT_TEAM = P85N2D6LEB;
				INFOPLIST_FILE = AntumVocilist/Info.plist;
				LD_RUNPATH_SEARCH_PATHS = "$(inherited) @executable_path/Frameworks";
				PRODUCT_BUNDLE_IDENTIFIER = com.morath.AntumVocilist;
				PRODUCT_NAME = "$(TARGET_NAME)";
				SWIFT_VERSION = 3.0;
			};
			name = Debug;
		};
		0313367D1F6D5112009B2B4D /* Release */ = {
			isa = XCBuildConfiguration;
			buildSettings = {
				ASSETCATALOG_COMPILER_APPICON_NAME = AppIcon;
				DEVELOPMENT_TEAM = P85N2D6LEB;
				INFOPLIST_FILE = AntumVocilist/Info.plist;
				LD_RUNPATH_SEARCH_PATHS = "$(inherited) @executable_path/Frameworks";
				PRODUCT_BUNDLE_IDENTIFIER = com.morath.AntumVocilist;
				PRODUCT_NAME = "$(TARGET_NAME)";
				SWIFT_VERSION = 3.0;
			};
			name = Release;
		};
		0313367F1F6D5112009B2B4D /* Debug */ = {
			isa = XCBuildConfiguration;
			buildSettings = {
				ALWAYS_EMBED_SWIFT_STANDARD_LIBRARIES = YES;
				BUNDLE_LOADER = "$(TEST_HOST)";
				DEVELOPMENT_TEAM = P85N2D6LEB;
				INFOPLIST_FILE = AntumVocilistTests/Info.plist;
				LD_RUNPATH_SEARCH_PATHS = "$(inherited) @executable_path/Frameworks @loader_path/Frameworks";
				PRODUCT_BUNDLE_IDENTIFIER = com.morath.AntumVocilistTests;
				PRODUCT_NAME = "$(TARGET_NAME)";
				SWIFT_VERSION = 3.0;
				TEST_HOST = "$(BUILT_PRODUCTS_DIR)/AntumVocilist.app/AntumVocilist";
			};
			name = Debug;
		};
		031336801F6D5112009B2B4D /* Release */ = {
			isa = XCBuildConfiguration;
			buildSettings = {
				ALWAYS_EMBED_SWIFT_STANDARD_LIBRARIES = YES;
				BUNDLE_LOADER = "$(TEST_HOST)";
				DEVELOPMENT_TEAM = P85N2D6LEB;
				INFOPLIST_FILE = AntumVocilistTests/Info.plist;
				LD_RUNPATH_SEARCH_PATHS = "$(inherited) @executable_path/Frameworks @loader_path/Frameworks";
				PRODUCT_BUNDLE_IDENTIFIER = com.morath.AntumVocilistTests;
				PRODUCT_NAME = "$(TARGET_NAME)";
				SWIFT_VERSION = 3.0;
				TEST_HOST = "$(BUILT_PRODUCTS_DIR)/AntumVocilist.app/AntumVocilist";
			};
			name = Release;
		};
/* End XCBuildConfiguration section */

/* Begin XCConfigurationList section */
		031336591F6D5111009B2B4D /* Build configuration list for PBXProject "AntumVocilist" */ = {
			isa = XCConfigurationList;
			buildConfigurations = (
				031336791F6D5112009B2B4D /* Debug */,
				0313367A1F6D5112009B2B4D /* Release */,
			);
			defaultConfigurationIsVisible = 0;
			defaultConfigurationName = Release;
		};
		0313367B1F6D5112009B2B4D /* Build configuration list for PBXNativeTarget "AntumVocilist" */ = {
			isa = XCConfigurationList;
			buildConfigurations = (
				0313367C1F6D5112009B2B4D /* Debug */,
				0313367D1F6D5112009B2B4D /* Release */,
			);
			defaultConfigurationIsVisible = 0;
		};
		0313367E1F6D5112009B2B4D /* Build configuration list for PBXNativeTarget "AntumVocilistTests" */ = {
			isa = XCConfigurationList;
			buildConfigurations = (
				0313367F1F6D5112009B2B4D /* Debug */,
				031336801F6D5112009B2B4D /* Release */,
			);
			defaultConfigurationIsVisible = 0;
		};
/* End XCConfigurationList section */

/* Begin XCVersionGroup section */
		031336C21F6DBE3F009B2B4D /* Model.xcdatamodeld */ = {
			isa = XCVersionGroup;
			children = (
				031336C31F6DBE3F009B2B4D /* Model.xcdatamodel */,
			);
			currentVersion = 031336C31F6DBE3F009B2B4D /* Model.xcdatamodel */;
			path = Model.xcdatamodeld;
			sourceTree = "<group>";
			versionGroupType = wrapper.xcdatamodel;
		};
/* End XCVersionGroup section */
	};
	rootObject = 031336561F6D5111009B2B4D /* Project object */;
}
